// !$*UTF8*$!
{
	archiveVersion = 1;
	classes = {
	};
	objectVersion = 56;
	objects = {

/* Begin PBXBuildFile section */
		A77EA4452A4C6B7000092157 /* chatbotApp.swift in Sources */ = {isa = PBXBuildFile; fileRef = A77EA4442A4C6B7000092157 /* chatbotApp.swift */; };
		A77EA4472A4C6B7000092157 /* ContentView.swift in Sources */ = {isa = PBXBuildFile; fileRef = A77EA4462A4C6B7000092157 /* ContentView.swift */; };
		A77EA4492A4C6B7100092157 /* Assets.xcassets in Resources */ = {isa = PBXBuildFile; fileRef = A77EA4482A4C6B7100092157 /* Assets.xcassets */; };
		A77EA44C2A4C6B7100092157 /* Preview Assets.xcassets in Resources */ = {isa = PBXBuildFile; fileRef = A77EA44B2A4C6B7100092157 /* Preview Assets.xcassets */; };
		A77EA4532A4C6BE300092157 /* FunMakerBot.swift in Sources */ = {isa = PBXBuildFile; fileRef = A77EA4522A4C6BE300092157 /* FunMakerBot.swift */; };
		A77EA4552A4C6CE500092157 /* ChatModel.swift in Sources */ = {isa = PBXBuildFile; fileRef = A77EA4542A4C6CE500092157 /* ChatModel.swift */; };
		A77EA45C2A4C83F000092157 /* FunMakerImageGenerator.swift in Sources */ = {isa = PBXBuildFile; fileRef = A77EA45B2A4C83F000092157 /* FunMakerImageGenerator.swift */; };
		A77EA45E2A4C868A00092157 /* HeaderView.swift in Sources */ = {isa = PBXBuildFile; fileRef = A77EA45D2A4C868A00092157 /* HeaderView.swift */; };
/* End PBXBuildFile section */

/* Begin PBXFileReference section */
		A77EA4412A4C6B7000092157 /* chatbot.app */ = {isa = PBXFileReference; explicitFileType = wrapper.application; includeInIndex = 0; path = chatbot.app; sourceTree = BUILT_PRODUCTS_DIR; };
		A77EA4442A4C6B7000092157 /* chatbotApp.swift */ = {isa = PBXFileReference; lastKnownFileType = sourcecode.swift; path = chatbotApp.swift; sourceTree = "<group>"; };
		A77EA4462A4C6B7000092157 /* ContentView.swift */ = {isa = PBXFileReference; lastKnownFileType = sourcecode.swift; path = ContentView.swift; sourceTree = "<group>"; };
		A77EA4482A4C6B7100092157 /* Assets.xcassets */ = {isa = PBXFileReference; lastKnownFileType = folder.assetcatalog; path = Assets.xcassets; sourceTree = "<group>"; };
		A77EA44B2A4C6B7100092157 /* Preview Assets.xcassets */ = {isa = PBXFileReference; lastKnownFileType = folder.assetcatalog; path = "Preview Assets.xcassets"; sourceTree = "<group>"; };
		A77EA4522A4C6BE300092157 /* FunMakerBot.swift */ = {isa = PBXFileReference; lastKnownFileType = sourcecode.swift; path = FunMakerBot.swift; sourceTree = "<group>"; };
		A77EA4542A4C6CE500092157 /* ChatModel.swift */ = {isa = PBXFileReference; lastKnownFileType = sourcecode.swift; path = ChatModel.swift; sourceTree = "<group>"; };
		A77EA45B2A4C83F000092157 /* FunMakerImageGenerator.swift */ = {isa = PBXFileReference; lastKnownFileType = sourcecode.swift; path = FunMakerImageGenerator.swift; sourceTree = "<group>"; };
		A77EA45D2A4C868A00092157 /* HeaderView.swift */ = {isa = PBXFileReference; lastKnownFileType = sourcecode.swift; path = HeaderView.swift; sourceTree = "<group>"; };
/* End PBXFileReference section */

/* Begin PBXFrameworksBuildPhase section */
		A77EA43E2A4C6B7000092157 /* Frameworks */ = {
			isa = PBXFrameworksBuildPhase;
			buildActionMask = 2147483647;
			files = (
			);
			runOnlyForDeploymentPostprocessing = 0;
		};
/* End PBXFrameworksBuildPhase section */

/* Begin PBXGroup section */
		A77EA4382A4C6B7000092157 = {
			isa = PBXGroup;
			children = (
				A77EA4432A4C6B7000092157 /* chatbot */,
				A77EA4422A4C6B7000092157 /* Products */,
			);
			sourceTree = "<group>";
		};
		A77EA4422A4C6B7000092157 /* Products */ = {
			isa = PBXGroup;
			children = (
				A77EA4412A4C6B7000092157 /* chatbot.app */,
			);
			name = Products;
			sourceTree = "<group>";
		};
		A77EA4432A4C6B7000092157 /* chatbot */ = {
			isa = PBXGroup;
			children = (
				A77EA4442A4C6B7000092157 /* chatbotApp.swift */,
				A77EA4462A4C6B7000092157 /* ContentView.swift */,
				A77EA4522A4C6BE300092157 /* FunMakerBot.swift */,
				A77EA45D2A4C868A00092157 /* HeaderView.swift */,
				A77EA45B2A4C83F000092157 /* FunMakerImageGenerator.swift */,
				A77EA4562A4C6F6100092157 /* Models */,
				A77EA4482A4C6B7100092157 /* Assets.xcassets */,
				A77EA44A2A4C6B7100092157 /* Preview Content */,
			);
			path = chatbot;
			sourceTree = "<group>";
		};
		A77EA44A2A4C6B7100092157 /* Preview Content */ = {
			isa = PBXGroup;
			children = (
				A77EA44B2A4C6B7100092157 /* Preview Assets.xcassets */,
			);
			path = "Preview Content";
			sourceTree = "<group>";
		};
		A77EA4562A4C6F6100092157 /* Models */ = {
			isa = PBXGroup;
			children = (
				A77EA4542A4C6CE500092157 /* ChatModel.swift */,
			);
			path = Models;
			sourceTree = "<group>";
		};
/* End PBXGroup section */

/* Begin PBXNativeTarget section */
		A77EA4402A4C6B7000092157 /* chatbot */ = {
			isa = PBXNativeTarget;
			buildConfigurationList = A77EA44F2A4C6B7100092157 /* Build configuration list for PBXNativeTarget "chatbot" */;
			buildPhases = (
				A77EA43D2A4C6B7000092157 /* Sources */,
				A77EA43E2A4C6B7000092157 /* Frameworks */,
				A77EA43F2A4C6B7000092157 /* Resources */,
			);
			buildRules = (
			);
			dependencies = (
			);
			name = chatbot;
			productName = chatbot;
			productReference = A77EA4412A4C6B7000092157 /* chatbot.app */;
			productType = "com.apple.product-type.application";
		};
/* End PBXNativeTarget section */

/* Begin PBXProject section */
		A77EA4392A4C6B7000092157 /* Project object */ = {
			isa = PBXProject;
			attributes = {
				BuildIndependentTargetsInParallel = 1;
				LastSwiftUpdateCheck = 1430;
				LastUpgradeCheck = 1430;
				TargetAttributes = {
					A77EA4402A4C6B7000092157 = {
						CreatedOnToolsVersion = 14.3.1;
					};
				};
			};
			buildConfigurationList = A77EA43C2A4C6B7000092157 /* Build configuration list for PBXProject "chatbot" */;
			compatibilityVersion = "Xcode 14.0";
			developmentRegion = en;
			hasScannedForEncodings = 0;
			knownRegions = (
				en,
				Base,
			);
			mainGroup = A77EA4382A4C6B7000092157;
			productRefGroup = A77EA4422A4C6B7000092157 /* Products */;
			projectDirPath = "";
			projectRoot = "";
			targets = (
				A77EA4402A4C6B7000092157 /* chatbot */,
			);
		};
/* End PBXProject section */

/* Begin PBXResourcesBuildPhase section */
		A77EA43F2A4C6B7000092157 /* Resources */ = {
			isa = PBXResourcesBuildPhase;
			buildActionMask = 2147483647;
			files = (
				A77EA44C2A4C6B7100092157 /* Preview Assets.xcassets in Resources */,
				A77EA4492A4C6B7100092157 /* Assets.xcassets in Resources */,
			);
			runOnlyForDeploymentPostprocessing = 0;
		};
/* End PBXResourcesBuildPhase section */

/* Begin PBXSourcesBuildPhase section */
		A77EA43D2A4C6B7000092157 /* Sources */ = {
			isa = PBXSourcesBuildPhase;
			buildActionMask = 2147483647;
			files = (
				A77EA45C2A4C83F000092157 /* FunMakerImageGenerator.swift in Sources */,
				A77EA45E2A4C868A00092157 /* HeaderView.swift in Sources */,
				A77EA4472A4C6B7000092157 /* ContentView.swift in Sources */,
				A77EA4532A4C6BE300092157 /* FunMakerBot.swift in Sources */,
				A77EA4452A4C6B7000092157 /* chatbotApp.swift in Sources */,
				A77EA4552A4C6CE500092157 /* ChatModel.swift in Sources */,
			);
			runOnlyForDeploymentPostprocessing = 0;
		};
/* End PBXSourcesBuildPhase section */

/* Begin XCBuildConfiguration section */
		A77EA44D2A4C6B7100092157 /* Debug */ = {
			isa = XCBuildConfiguration;
			buildSettings = {
				ALWAYS_SEARCH_USER_PATHS = NO;
				CLANG_ANALYZER_NONNULL = YES;
				CLANG_ANALYZER_NUMBER_OBJECT_CONVERSION = YES_AGGRESSIVE;
				CLANG_CXX_LANGUAGE_STANDARD = "gnu++20";
				CLANG_ENABLE_MODULES = YES;
				CLANG_ENABLE_OBJC_ARC = YES;
				CLANG_ENABLE_OBJC_WEAK = YES;
				CLANG_WARN_BLOCK_CAPTURE_AUTORELEASING = YES;
				CLANG_WARN_BOOL_CONVERSION = YES;
				CLANG_WARN_COMMA = YES;
				CLANG_WARN_CONSTANT_CONVERSION = YES;
				CLANG_WARN_DEPRECATED_OBJC_IMPLEMENTATIONS = YES;
				CLANG_WARN_DIRECT_OBJC_ISA_USAGE = YES_ERROR;
				CLANG_WARN_DOCUMENTATION_COMMENTS = YES;
				CLANG_WARN_EMPTY_BODY = YES;
				CLANG_WARN_ENUM_CONVERSION = YES;
				CLANG_WARN_INFINITE_RECURSION = YES;
				CLANG_WARN_INT_CONVERSION = YES;
				CLANG_WARN_NON_LITERAL_NULL_CONVERSION = YES;
				CLANG_WARN_OBJC_IMPLICIT_RETAIN_SELF = YES;
				CLANG_WARN_OBJC_LITERAL_CONVERSION = YES;
				CLANG_WARN_OBJC_ROOT_CLASS = YES_ERROR;
				CLANG_WARN_QUOTED_INCLUDE_IN_FRAMEWORK_HEADER = YES;
				CLANG_WARN_RANGE_LOOP_ANALYSIS = YES;
				CLANG_WARN_STRICT_PROTOTYPES = YES;
				CLANG_WARN_SUSPICIOUS_MOVE = YES;
				CLANG_WARN_UNGUARDED_AVAILABILITY = YES_AGGRESSIVE;
				CLANG_WARN_UNREACHABLE_CODE = YES;
				CLANG_WARN__DUPLICATE_METHOD_MATCH = YES;
				COPY_PHASE_STRIP = NO;
				DEBUG_INFORMATION_FORMAT = dwarf;
				ENABLE_STRICT_OBJC_MSGSEND = YES;
				ENABLE_TESTABILITY = YES;
				GCC_C_LANGUAGE_STANDARD = gnu11;
				GCC_DYNAMIC_NO_PIC = NO;
				GCC_NO_COMMON_BLOCKS = YES;
				GCC_OPTIMIZATION_LEVEL = 0;
				GCC_PREPROCESSOR_DEFINITIONS = (
					"DEBUG=1",
					"$(inherited)",
				);
				GCC_WARN_64_TO_32_BIT_CONVERSION = YES;
				GCC_WARN_ABOUT_RETURN_TYPE = YES_ERROR;
				GCC_WARN_UNDECLARED_SELECTOR = YES;
				GCC_WARN_UNINITIALIZED_AUTOS = YES_AGGRESSIVE;
				GCC_WARN_UNUSED_FUNCTION = YES;
				GCC_WARN_UNUSED_VARIABLE = YES;
				IPHONEOS_DEPLOYMENT_TARGET = 16.4;
				MTL_ENABLE_DEBUG_INFO = INCLUDE_SOURCE;
				MTL_FAST_MATH = YES;
				ONLY_ACTIVE_ARCH = YES;
				SDKROOT = iphoneos;
				SWIFT_ACTIVE_COMPILATION_CONDITIONS = DEBUG;
				SWIFT_OPTIMIZATION_LEVEL = "-Onone";
			};
			name = Debug;
		};
		A77EA44E2A4C6B7100092157 /* Release */ = {
			isa = XCBuildConfiguration;
			buildSettings = {
				ALWAYS_SEARCH_USER_PATHS = NO;
				CLANG_ANALYZER_NONNULL = YES;
				CLANG_ANALYZER_NUMBER_OBJECT_CONVERSION = YES_AGGRESSIVE;
				CLANG_CXX_LANGUAGE_STANDARD = "gnu++20";
				CLANG_ENABLE_MODULES = YES;
				CLANG_ENABLE_OBJC_ARC = YES;
				CLANG_ENABLE_OBJC_WEAK = YES;
				CLANG_WARN_BLOCK_CAPTURE_AUTORELEASING = YES;
				CLANG_WARN_BOOL_CONVERSION = YES;
				CLANG_WARN_COMMA = YES;
				CLANG_WARN_CONSTANT_CONVERSION = YES;
				CLANG_WARN_DEPRECATED_OBJC_IMPLEMENTATIONS = YES;
				CLANG_WARN_DIRECT_OBJC_ISA_USAGE = YES_ERROR;
				CLANG_WARN_DOCUMENTATION_COMMENTS = YES;
				CLANG_WARN_EMPTY_BODY = YES;
				CLANG_WARN_ENUM_CONVERSION = YES;
				CLANG_WARN_INFINITE_RECURSION = YES;
				CLANG_WARN_INT_CONVERSION = YES;
				CLANG_WARN_NON_LITERAL_NULL_CONVERSION = YES;
				CLANG_WARN_OBJC_IMPLICIT_RETAIN_SELF = YES;
				CLANG_WARN_OBJC_LITERAL_CONVERSION = YES;
				CLANG_WARN_OBJC_ROOT_CLASS = YES_ERROR;
				CLANG_WARN_QUOTED_INCLUDE_IN_FRAMEWORK_HEADER = YES;
				CLANG_WARN_RANGE_LOOP_ANALYSIS = YES;
				CLANG_WARN_STRICT_PROTOTYPES = YES;
				CLANG_WARN_SUSPICIOUS_MOVE = YES;
				CLANG_WARN_UNGUARDED_AVAILABILITY = YES_AGGRESSIVE;
				CLANG_WARN_UNREACHABLE_CODE = YES;
				CLANG_WARN__DUPLICATE_METHOD_MATCH = YES;
				COPY_PHASE_STRIP = NO;
				DEBUG_INFORMATION_FORMAT = "dwarf-with-dsym";
				ENABLE_NS_ASSERTIONS = NO;
				ENABLE_STRICT_OBJC_MSGSEND = YES;
				GCC_C_LANGUAGE_STANDARD = gnu11;
				GCC_NO_COMMON_BLOCKS = YES;
				GCC_WARN_64_TO_32_BIT_CONVERSION = YES;
				GCC_WARN_ABOUT_RETURN_TYPE = YES_ERROR;
				GCC_WARN_UNDECLARED_SELECTOR = YES;
				GCC_WARN_UNINITIALIZED_AUTOS = YES_AGGRESSIVE;
				GCC_WARN_UNUSED_FUNCTION = YES;
				GCC_WARN_UNUSED_VARIABLE = YES;
				IPHONEOS_DEPLOYMENT_TARGET = 16.4;
				MTL_ENABLE_DEBUG_INFO = NO;
				MTL_FAST_MATH = YES;
				SDKROOT = iphoneos;
				SWIFT_COMPILATION_MODE = wholemodule;
				SWIFT_OPTIMIZATION_LEVEL = "-O";
				VALIDATE_PRODUCT = YES;
			};
			name = Release;
		};
		A77EA4502A4C6B7100092157 /* Debug */ = {
			isa = XCBuildConfiguration;
			buildSettings = {
				ASSETCATALOG_COMPILER_APPICON_NAME = AppIcon;
				ASSETCATALOG_COMPILER_GLOBAL_ACCENT_COLOR_NAME = AccentColor;
				CODE_SIGN_STYLE = Automatic;
				CURRENT_PROJECT_VERSION = 1;
				DEVELOPMENT_ASSET_PATHS = "\"chatbot/Preview Content\"";
				ENABLE_PREVIEWS = YES;
				GENERATE_INFOPLIST_FILE = YES;
				INFOPLIST_KEY_UIApplicationSceneManifest_Generation = YES;
				INFOPLIST_KEY_UIApplicationSupportsIndirectInputEvents = YES;
				INFOPLIST_KEY_UILaunchScreen_Generation = YES;
				INFOPLIST_KEY_UISupportedInterfaceOrientations_iPad = "UIInterfaceOrientationPortrait UIInterfaceOrientationPortraitUpsideDown UIInterfaceOrientationLandscapeLeft UIInterfaceOrientationLandscapeRight";
				INFOPLIST_KEY_UISupportedInterfaceOrientations_iPhone = "UIInterfaceOrientationPortrait UIInterfaceOrientationLandscapeLeft UIInterfaceOrientationLandscapeRight";
				LD_RUNPATH_SEARCH_PATHS = (
					"$(inherited)",
					"@executable_path/Frameworks",
				);
				MARKETING_VERSION = 1.0;
				PRODUCT_BUNDLE_IDENTIFIER = me.uk.chatbot;
				PRODUCT_NAME = "$(TARGET_NAME)";
				SWIFT_EMIT_LOC_STRINGS = YES;
				SWIFT_VERSION = 5.0;
				TARGETED_DEVICE_FAMILY = "1,2";
			};
			name = Debug;
		};
		A77EA4512A4C6B7100092157 /* Release */ = {
			isa = XCBuildConfiguration;
			buildSettings = {
				ASSETCATALOG_COMPILER_APPICON_NAME = AppIcon;
				ASSETCATALOG_COMPILER_GLOBAL_ACCENT_COLOR_NAME = AccentColor;
				CODE_SIGN_STYLE = Automatic;
				CURRENT_PROJECT_VERSION = 1;
				DEVELOPMENT_ASSET_PATHS = "\"chatbot/Preview Content\"";
				ENABLE_PREVIEWS = YES;
				GENERATE_INFOPLIST_FILE = YES;
				INFOPLIST_KEY_UIApplicationSceneManifest_Generation = YES;
				INFOPLIST_KEY_UIApplicationSupportsIndirectInputEvents = YES;
				INFOPLIST_KEY_UILaunchScreen_Generation = YES;
				INFOPLIST_KEY_UISupportedInterfaceOrientations_iPad = "UIInterfaceOrientationPortrait UIInterfaceOrientationPortraitUpsideDown UIInterfaceOrientationLandscapeLeft UIInterfaceOrientationLandscapeRight";
				INFOPLIST_KEY_UISupportedInterfaceOrientations_iPhone = "UIInterfaceOrientationPortrait UIInterfaceOrientationLandscapeLeft UIInterfaceOrientationLandscapeRight";
				LD_RUNPATH_SEARCH_PATHS = (
					"$(inherited)",
					"@executable_path/Frameworks",
				);
				MARKETING_VERSION = 1.0;
				PRODUCT_BUNDLE_IDENTIFIER = me.uk.chatbot;
				PRODUCT_NAME = "$(TARGET_NAME)";
				SWIFT_EMIT_LOC_STRINGS = YES;
				SWIFT_VERSION = 5.0;
				TARGETED_DEVICE_FAMILY = "1,2";
			};
			name = Release;
		};
/* End XCBuildConfiguration section */

/* Begin XCConfigurationList section */
		A77EA43C2A4C6B7000092157 /* Build configuration list for PBXProject "chatbot" */ = {
			isa = XCConfigurationList;
			buildConfigurations = (
				A77EA44D2A4C6B7100092157 /* Debug */,
				A77EA44E2A4C6B7100092157 /* Release */,
			);
			defaultConfigurationIsVisible = 0;
			defaultConfigurationName = Release;
		};
		A77EA44F2A4C6B7100092157 /* Build configuration list for PBXNativeTarget "chatbot" */ = {
			isa = XCConfigurationList;
			buildConfigurations = (
				A77EA4502A4C6B7100092157 /* Debug */,
				A77EA4512A4C6B7100092157 /* Release */,
			);
			defaultConfigurationIsVisible = 0;
			defaultConfigurationName = Release;
		};
/* End XCConfigurationList section */
	};
	rootObject = A77EA4392A4C6B7000092157 /* Project object */;
}
